
Microsoft Visual Studio Solution File, Format Version 12.00
# Visual Studio 15
VisualStudioVersion = 15.0.28307.438
MinimumVisualStudioVersion = 10.0.40219.1
Project("{FAE04EC0-301F-11D3-BF4B-00C04F79EFBC}") = "WpfSlika2019", "WpfSlika2019\WpfSlika2019.csproj", "{27EF1050-A387-4E19-B7CD-E55A5C756632}"
EndProject
Global
	GlobalSection(SolutionConfigurationPlatforms) = preSolution
		Debug|Any CPU = Debug|Any CPU
		Release|Any CPU = Release|Any CPU
	EndGlobalSection
	GlobalSection(ProjectConfigurationPlatforms) = postSolution
		{27EF1050-A387-4E19-B7CD-E55A5C756632}.Debug|Any CPU.ActiveCfg = Debug|Any CPU
		{27EF1050-A387-4E19-B7CD-E55A5C756632}.Debug|Any CPU.Build.0 = Debug|Any CPU
		{27EF1050-A387-4E19-B7CD-E55A5C756632}.Release|Any CPU.ActiveCfg = Release|Any CPU
		{27EF1050-A387-4E19-B7CD-E55A5C756632}.Release|Any CPU.Build.0 = Release|Any CPU
	EndGlobalSection
	GlobalSection(SolutionProperties) = preSolution
		HideSolutionNode = FALSE
	EndGlobalSection
	GlobalSection(ExtensibilityGlobals) = postSolution
		SolutionGuid = {9AC7CB6D-0969-4EA0-AE63-B3691D7A264C}
	EndGlobalSection
EndGlobal
