
Microsoft Visual Studio Solution File, Format Version 12.00
# Visual Studio Version 16
VisualStudioVersion = 16.0.28922.388
MinimumVisualStudioVersion = 10.0.40219.1
Project("{FAE04EC0-301F-11D3-BF4B-00C04F79EFBC}") = "WebMvcModel02", "WebMvcModel02\WebMvcModel02.csproj", "{67E0B612-9FE0-4469-B600-79CB1823983D}"
EndProject
Global
	GlobalSection(SolutionConfigurationPlatforms) = preSolution
		Debug|Any CPU = Debug|Any CPU
		Release|Any CPU = Release|Any CPU
	EndGlobalSection
	GlobalSection(ProjectConfigurationPlatforms) = postSolution
		{67E0B612-9FE0-4469-B600-79CB1823983D}.Debug|Any CPU.ActiveCfg = Debug|Any CPU
		{67E0B612-9FE0-4469-B600-79CB1823983D}.Debug|Any CPU.Build.0 = Debug|Any CPU
		{67E0B612-9FE0-4469-B600-79CB1823983D}.Release|Any CPU.ActiveCfg = Release|Any CPU
		{67E0B612-9FE0-4469-B600-79CB1823983D}.Release|Any CPU.Build.0 = Release|Any CPU
	EndGlobalSection
	GlobalSection(SolutionProperties) = preSolution
		HideSolutionNode = FALSE
	EndGlobalSection
	GlobalSection(ExtensibilityGlobals) = postSolution
		SolutionGuid = {B53E51A0-CBD2-4798-B533-D5BD853447A7}
	EndGlobalSection
EndGlobal
