
Microsoft Visual Studio Solution File, Format Version 12.00
# Visual Studio 15
VisualStudioVersion = 15.0.28307.421
MinimumVisualStudioVersion = 10.0.40219.1
Project("{FAE04EC0-301F-11D3-BF4B-00C04F79EFBC}") = "WpfAdmin.UI", "WpfAdmin.UI\WpfAdmin.UI.csproj", "{61434A0C-452D-4EC7-A04D-907816065E61}"
EndProject
Project("{FAE04EC0-301F-11D3-BF4B-00C04F79EFBC}") = "AdminModel", "AdminModel\AdminModel.csproj", "{49CA9F5C-E2DF-403B-A9D8-A477B98EC6C6}"
EndProject
Project("{FAE04EC0-301F-11D3-BF4B-00C04F79EFBC}") = "Admin.ViewModel", "Admin.ViewModel\Admin.ViewModel.csproj", "{474D4CF2-A319-40A4-B7C6-7B552289ECE8}"
EndProject
Global
	GlobalSection(SolutionConfigurationPlatforms) = preSolution
		Debug|Any CPU = Debug|Any CPU
		Release|Any CPU = Release|Any CPU
	EndGlobalSection
	GlobalSection(ProjectConfigurationPlatforms) = postSolution
		{61434A0C-452D-4EC7-A04D-907816065E61}.Debug|Any CPU.ActiveCfg = Debug|Any CPU
		{61434A0C-452D-4EC7-A04D-907816065E61}.Debug|Any CPU.Build.0 = Debug|Any CPU
		{61434A0C-452D-4EC7-A04D-907816065E61}.Release|Any CPU.ActiveCfg = Release|Any CPU
		{61434A0C-452D-4EC7-A04D-907816065E61}.Release|Any CPU.Build.0 = Release|Any CPU
		{49CA9F5C-E2DF-403B-A9D8-A477B98EC6C6}.Debug|Any CPU.ActiveCfg = Debug|Any CPU
		{49CA9F5C-E2DF-403B-A9D8-A477B98EC6C6}.Debug|Any CPU.Build.0 = Debug|Any CPU
		{49CA9F5C-E2DF-403B-A9D8-A477B98EC6C6}.Release|Any CPU.ActiveCfg = Release|Any CPU
		{49CA9F5C-E2DF-403B-A9D8-A477B98EC6C6}.Release|Any CPU.Build.0 = Release|Any CPU
		{474D4CF2-A319-40A4-B7C6-7B552289ECE8}.Debug|Any CPU.ActiveCfg = Debug|Any CPU
		{474D4CF2-A319-40A4-B7C6-7B552289ECE8}.Debug|Any CPU.Build.0 = Debug|Any CPU
		{474D4CF2-A319-40A4-B7C6-7B552289ECE8}.Release|Any CPU.ActiveCfg = Release|Any CPU
		{474D4CF2-A319-40A4-B7C6-7B552289ECE8}.Release|Any CPU.Build.0 = Release|Any CPU
	EndGlobalSection
	GlobalSection(SolutionProperties) = preSolution
		HideSolutionNode = FALSE
	EndGlobalSection
	GlobalSection(ExtensibilityGlobals) = postSolution
		SolutionGuid = {2C00C8F0-3B75-483E-99EE-F7AA2376FC08}
	EndGlobalSection
EndGlobal
